{
  "requires": true,
  "lockfileVersion": 1,
  "dependencies": {
    "jquery": {
      "version": "3.6.0",
      "resolved": "https://registry.npmjs.org/jquery/-/jquery-3.6.0.tgz",
      "integrity": "sha512-JVzAR/AjBvVt2BmYhxRCSYysDsPcssdmTFnzyLEts9qNwmjmu4JTAMYubEfwVOSwpQ1I1sKKFcxhZCI2buerfw=="
    },
    "remodal": {
      "version": "1.1.1",
      "resolved": "https://registry.npmjs.org/remodal/-/remodal-1.1.1.tgz",
      "integrity": "sha512-creNSaqbg5tddt+6wckMQ5BAYIrlanpZoPhRt2q/hXPsAEavapSucBGFOsfyjTPPGQdyUxy5jXLjSnNhpCIK6A==",
      "requires": {
        "jquery": "*"
      }
    }
  }
}
